{
  "name": "@berstend/node-safe",
  "version": "0.3.6-fork",
  "lockfileVersion": 3,
  "requires": true,
  "packages": {
    "": {
      "name": "@berstend/node-safe",
      "version": "0.3.6-fork",
      "license": "MIT",
      "dependencies": {
        "strip-json-comments": "5.0.0"
      },
      "bin": {
        "node-safe": "bin/node-safe",
        "npm-safe": "bin/npm-safe",
        "npx-safe": "bin/npx-safe",
        "yarn-safe": "bin/yarn-safe"
      },
      "engines": {
        "node": ">= v14"
      }
    },
    "node_modules/strip-json-comments": {
      "version": "5.0.0",
      "resolved": "https://registry.npmjs.org/strip-json-comments/-/strip-json-comments-5.0.0.tgz",
      "integrity": "sha512-V1LGY4UUo0jgwC+ELQ2BNWfPa17TIuwBLg+j1AA/9RPzKINl1lhxVEu2r+ZTTO8aetIsUzE5Qj6LMSBkoGYKKw==",
      "engines": {
        "node": ">=14.16"
      },
      "funding": {
        "url": "https://github.com/sponsors/sindresorhus"
      }
    }
  }
}
